
Microsoft Visual Studio Solution File, Format Version 12.00
# Visual Studio 15
VisualStudioVersion = 15.0.27703.2035
MinimumVisualStudioVersion = 10.0.40219.1
Project("{9A19103F-16F7-4668-BE54-9A1E7A4F7556}") = "CSVSerializer", "CSVSerializer\CSVSerializer.csproj", "{60F1E57B-23DD-496C-B33B-DD13236D3D5B}"
EndProject
Project("{FAE04EC0-301F-11D3-BF4B-00C04F79EFBC}") = "Test", "Test\Test.csproj", "{3BA9EB3E-79BF-466B-B32E-6B8ED699D191}"
EndProject
Global
	GlobalSection(SolutionConfigurationPlatforms) = preSolution
		Debug|Any CPU = Debug|Any CPU
		Release|Any CPU = Release|Any CPU
	EndGlobalSection
	GlobalSection(ProjectConfigurationPlatforms) = postSolution
		{60F1E57B-23DD-496C-B33B-DD13236D3D5B}.Debug|Any CPU.ActiveCfg = Debug|Any CPU
		{60F1E57B-23DD-496C-B33B-DD13236D3D5B}.Debug|Any CPU.Build.0 = Debug|Any CPU
		{60F1E57B-23DD-496C-B33B-DD13236D3D5B}.Release|Any CPU.ActiveCfg = Release|Any CPU
		{60F1E57B-23DD-496C-B33B-DD13236D3D5B}.Release|Any CPU.Build.0 = Release|Any CPU
		{3BA9EB3E-79BF-466B-B32E-6B8ED699D191}.Debug|Any CPU.ActiveCfg = Debug|Any CPU
		{3BA9EB3E-79BF-466B-B32E-6B8ED699D191}.Debug|Any CPU.Build.0 = Debug|Any CPU
		{3BA9EB3E-79BF-466B-B32E-6B8ED699D191}.Release|Any CPU.ActiveCfg = Release|Any CPU
		{3BA9EB3E-79BF-466B-B32E-6B8ED699D191}.Release|Any CPU.Build.0 = Release|Any CPU
	EndGlobalSection
	GlobalSection(SolutionProperties) = preSolution
		HideSolutionNode = FALSE
	EndGlobalSection
	GlobalSection(ExtensibilityGlobals) = postSolution
		SolutionGuid = {F48F76FB-B829-4D77-9FA8-5C05B895F0E7}
	EndGlobalSection
EndGlobal
